
Microsoft Visual Studio Solution File, Format Version 12.00
# Visual Studio Version 17
VisualStudioVersion = 17.3.32901.215
MinimumVisualStudioVersion = 10.0.40219.1
Project("{FAE04EC0-301F-11D3-BF4B-00C04F79EFBC}") = "Lab-2-Design-Patterns", "Lab-2-Design-Patterns\Lab-2-Design-Patterns.csproj", "{3126993A-95AE-4234-B174-E48EAF540B94}"
EndProject
Project("{FAE04EC0-301F-11D3-BF4B-00C04F79EFBC}") = "BallAndContainer", "BallAndContainer\BallAndContainer.csproj", "{AFECBFAB-0FA3-4AE0-9D0E-0B6B44DD1A7B}"
EndProject
Project("{FAE04EC0-301F-11D3-BF4B-00C04F79EFBC}") = "BallTests", "BallTests\BallTests.csproj", "{6CA7CEF5-B8AF-4F15-A775-C67408B705C9}"
EndProject
Global
	GlobalSection(SolutionConfigurationPlatforms) = preSolution
		Debug|Any CPU = Debug|Any CPU
		Release|Any CPU = Release|Any CPU
	EndGlobalSection
	GlobalSection(ProjectConfigurationPlatforms) = postSolution
		{3126993A-95AE-4234-B174-E48EAF540B94}.Debug|Any CPU.ActiveCfg = Debug|Any CPU
		{3126993A-95AE-4234-B174-E48EAF540B94}.Debug|Any CPU.Build.0 = Debug|Any CPU
		{3126993A-95AE-4234-B174-E48EAF540B94}.Release|Any CPU.ActiveCfg = Release|Any CPU
		{3126993A-95AE-4234-B174-E48EAF540B94}.Release|Any CPU.Build.0 = Release|Any CPU
		{AFECBFAB-0FA3-4AE0-9D0E-0B6B44DD1A7B}.Debug|Any CPU.ActiveCfg = Debug|Any CPU
		{AFECBFAB-0FA3-4AE0-9D0E-0B6B44DD1A7B}.Debug|Any CPU.Build.0 = Debug|Any CPU
		{AFECBFAB-0FA3-4AE0-9D0E-0B6B44DD1A7B}.Release|Any CPU.ActiveCfg = Release|Any CPU
		{AFECBFAB-0FA3-4AE0-9D0E-0B6B44DD1A7B}.Release|Any CPU.Build.0 = Release|Any CPU
		{6CA7CEF5-B8AF-4F15-A775-C67408B705C9}.Debug|Any CPU.ActiveCfg = Debug|Any CPU
		{6CA7CEF5-B8AF-4F15-A775-C67408B705C9}.Debug|Any CPU.Build.0 = Debug|Any CPU
		{6CA7CEF5-B8AF-4F15-A775-C67408B705C9}.Release|Any CPU.ActiveCfg = Release|Any CPU
		{6CA7CEF5-B8AF-4F15-A775-C67408B705C9}.Release|Any CPU.Build.0 = Release|Any CPU
	EndGlobalSection
	GlobalSection(SolutionProperties) = preSolution
		HideSolutionNode = FALSE
	EndGlobalSection
	GlobalSection(ExtensibilityGlobals) = postSolution
		SolutionGuid = {75DB0746-7977-43C2-BE69-3DE070CBBCEE}
	EndGlobalSection
EndGlobal
